
Microsoft Visual Studio Solution File, Format Version 12.00
# Visual Studio Version 17
VisualStudioVersion = 17.11.35327.3
MinimumVisualStudioVersion = 10.0.40219.1
Project("{2150E333-8FDC-42A3-9474-1A3956D46DE8}") = "Services", "Services", "{F065A425-C8D0-46DC-951F-558F0862DFED}"
EndProject
Project("{2150E333-8FDC-42A3-9474-1A3956D46DE8}") = "Catalog", "Catalog", "{3D177CFD-8965-48E6-8E0A-E25CF2CF6035}"
EndProject
Project("{FAE04EC0-301F-11D3-BF4B-00C04F79EFBC}") = "Catalog.API", "Services\Catalog\Catalog.API\Catalog.API.csproj", "{4A3EE6A4-94B9-4D27-ADEA-9F5AF2445885}"
EndProject
Global
	GlobalSection(SolutionConfigurationPlatforms) = preSolution
		Debug|Any CPU = Debug|Any CPU
		Release|Any CPU = Release|Any CPU
	EndGlobalSection
	GlobalSection(ProjectConfigurationPlatforms) = postSolution
		{4A3EE6A4-94B9-4D27-ADEA-9F5AF2445885}.Debug|Any CPU.ActiveCfg = Debug|Any CPU
		{4A3EE6A4-94B9-4D27-ADEA-9F5AF2445885}.Debug|Any CPU.Build.0 = Debug|Any CPU
		{4A3EE6A4-94B9-4D27-ADEA-9F5AF2445885}.Release|Any CPU.ActiveCfg = Release|Any CPU
		{4A3EE6A4-94B9-4D27-ADEA-9F5AF2445885}.Release|Any CPU.Build.0 = Release|Any CPU
	EndGlobalSection
	GlobalSection(SolutionProperties) = preSolution
		HideSolutionNode = FALSE
	EndGlobalSection
	GlobalSection(NestedProjects) = preSolution
		{3D177CFD-8965-48E6-8E0A-E25CF2CF6035} = {F065A425-C8D0-46DC-951F-558F0862DFED}
		{4A3EE6A4-94B9-4D27-ADEA-9F5AF2445885} = {3D177CFD-8965-48E6-8E0A-E25CF2CF6035}
	EndGlobalSection
	GlobalSection(ExtensibilityGlobals) = postSolution
		SolutionGuid = {FB42B6E2-9C72-4ED4-BF5E-27B7251DC44D}
	EndGlobalSection
EndGlobal
